
Microsoft Visual Studio Solution File, Format Version 12.00
# Visual Studio Version 17
VisualStudioVersion = 17.10.35013.160
MinimumVisualStudioVersion = 10.0.40219.1
Project("{FAE04EC0-301F-11D3-BF4B-00C04F79EFBC}") = "SoapTestCreate", "SoapTestCreate\SoapTestCreate.csproj", "{E3D9CD32-8422-43AC-AAF2-0466597CBBE6}"
EndProject
Global
	GlobalSection(SolutionConfigurationPlatforms) = preSolution
		Debug|Any CPU = Debug|Any CPU
		Release|Any CPU = Release|Any CPU
	EndGlobalSection
	GlobalSection(ProjectConfigurationPlatforms) = postSolution
		{E3D9CD32-8422-43AC-AAF2-0466597CBBE6}.Debug|Any CPU.ActiveCfg = Debug|Any CPU
		{E3D9CD32-8422-43AC-AAF2-0466597CBBE6}.Debug|Any CPU.Build.0 = Debug|Any CPU
		{E3D9CD32-8422-43AC-AAF2-0466597CBBE6}.Release|Any CPU.ActiveCfg = Release|Any CPU
		{E3D9CD32-8422-43AC-AAF2-0466597CBBE6}.Release|Any CPU.Build.0 = Release|Any CPU
	EndGlobalSection
	GlobalSection(SolutionProperties) = preSolution
		HideSolutionNode = FALSE
	EndGlobalSection
	GlobalSection(ExtensibilityGlobals) = postSolution
		SolutionGuid = {B05FA527-6DF4-4326-B0BA-301AB46D97B6}
	EndGlobalSection
EndGlobal
